
Microsoft Visual Studio Solution File, Format Version 12.00
# Visual Studio Version 17
VisualStudioVersion = 17.0.31903.59
MinimumVisualStudioVersion = 10.0.40219.1
Project("{2150E333-8FDC-42A3-9474-1A3956D46DE8}") = "src", "src", "{827E0CD3-B72D-47B6-A68D-7590B98EB39B}"
EndProject
Project("{FAE04EC0-301F-11D3-BF4B-00C04F79EFBC}") = "AiAgent.Core", "src\AiAgent.Core\AiAgent.Core.csproj", "{14C068B0-6108-4AE3-874C-5FD3A077DB42}"
EndProject
Project("{FAE04EC0-301F-11D3-BF4B-00C04F79EFBC}") = "AiAgent.Infrastructure", "src\AiAgent.Infrastructure\AiAgent.Infrastructure.csproj", "{F9744AEB-56C7-4EAA-B1C5-2053399F418C}"
EndProject
Project("{FAE04EC0-301F-11D3-BF4B-00C04F79EFBC}") = "AiAgent.Tests", "AiAgent.Tests\AiAgent.Tests.csproj", "{7322F804-0ABB-4382-BE41-397F35A99944}"
EndProject
Project("{FAE04EC0-301F-11D3-BF4B-00C04F79EFBC}") = "AiAgent.Web", "AiAgent.Web\AiAgent.Web.csproj", "{A8375910-E271-4237-B368-591BFEBD1081}"
EndProject
Global
	GlobalSection(SolutionConfigurationPlatforms) = preSolution
		Debug|Any CPU = Debug|Any CPU
		Debug|x64 = Debug|x64
		Debug|x86 = Debug|x86
		Release|Any CPU = Release|Any CPU
		Release|x64 = Release|x64
		Release|x86 = Release|x86
	EndGlobalSection
	GlobalSection(ProjectConfigurationPlatforms) = postSolution
		{14C068B0-6108-4AE3-874C-5FD3A077DB42}.Debug|Any CPU.ActiveCfg = Debug|Any CPU
		{14C068B0-6108-4AE3-874C-5FD3A077DB42}.Debug|Any CPU.Build.0 = Debug|Any CPU
		{14C068B0-6108-4AE3-874C-5FD3A077DB42}.Debug|x64.ActiveCfg = Debug|Any CPU
		{14C068B0-6108-4AE3-874C-5FD3A077DB42}.Debug|x64.Build.0 = Debug|Any CPU
		{14C068B0-6108-4AE3-874C-5FD3A077DB42}.Debug|x86.ActiveCfg = Debug|Any CPU
		{14C068B0-6108-4AE3-874C-5FD3A077DB42}.Debug|x86.Build.0 = Debug|Any CPU
		{14C068B0-6108-4AE3-874C-5FD3A077DB42}.Release|Any CPU.ActiveCfg = Release|Any CPU
		{14C068B0-6108-4AE3-874C-5FD3A077DB42}.Release|Any CPU.Build.0 = Release|Any CPU
		{14C068B0-6108-4AE3-874C-5FD3A077DB42}.Release|x64.ActiveCfg = Release|Any CPU
		{14C068B0-6108-4AE3-874C-5FD3A077DB42}.Release|x64.Build.0 = Release|Any CPU
		{14C068B0-6108-4AE3-874C-5FD3A077DB42}.Release|x86.ActiveCfg = Release|Any CPU
		{14C068B0-6108-4AE3-874C-5FD3A077DB42}.Release|x86.Build.0 = Release|Any CPU
		{F9744AEB-56C7-4EAA-B1C5-2053399F418C}.Debug|Any CPU.ActiveCfg = Debug|Any CPU
		{F9744AEB-56C7-4EAA-B1C5-2053399F418C}.Debug|Any CPU.Build.0 = Debug|Any CPU
		{F9744AEB-56C7-4EAA-B1C5-2053399F418C}.Debug|x64.ActiveCfg = Debug|Any CPU
		{F9744AEB-56C7-4EAA-B1C5-2053399F418C}.Debug|x64.Build.0 = Debug|Any CPU
		{F9744AEB-56C7-4EAA-B1C5-2053399F418C}.Debug|x86.ActiveCfg = Debug|Any CPU
		{F9744AEB-56C7-4EAA-B1C5-2053399F418C}.Debug|x86.Build.0 = Debug|Any CPU
		{F9744AEB-56C7-4EAA-B1C5-2053399F418C}.Release|Any CPU.ActiveCfg = Release|Any CPU
		{F9744AEB-56C7-4EAA-B1C5-2053399F418C}.Release|Any CPU.Build.0 = Release|Any CPU
		{F9744AEB-56C7-4EAA-B1C5-2053399F418C}.Release|x64.ActiveCfg = Release|Any CPU
		{F9744AEB-56C7-4EAA-B1C5-2053399F418C}.Release|x64.Build.0 = Release|Any CPU
		{F9744AEB-56C7-4EAA-B1C5-2053399F418C}.Release|x86.ActiveCfg = Release|Any CPU
		{F9744AEB-56C7-4EAA-B1C5-2053399F418C}.Release|x86.Build.0 = Release|Any CPU
		{7322F804-0ABB-4382-BE41-397F35A99944}.Debug|Any CPU.ActiveCfg = Debug|Any CPU
		{7322F804-0ABB-4382-BE41-397F35A99944}.Debug|Any CPU.Build.0 = Debug|Any CPU
		{7322F804-0ABB-4382-BE41-397F35A99944}.Debug|x64.ActiveCfg = Debug|Any CPU
		{7322F804-0ABB-4382-BE41-397F35A99944}.Debug|x64.Build.0 = Debug|Any CPU
		{7322F804-0ABB-4382-BE41-397F35A99944}.Debug|x86.ActiveCfg = Debug|Any CPU
		{7322F804-0ABB-4382-BE41-397F35A99944}.Debug|x86.Build.0 = Debug|Any CPU
		{7322F804-0ABB-4382-BE41-397F35A99944}.Release|Any CPU.ActiveCfg = Release|Any CPU
		{7322F804-0ABB-4382-BE41-397F35A99944}.Release|Any CPU.Build.0 = Release|Any CPU
		{7322F804-0ABB-4382-BE41-397F35A99944}.Release|x64.ActiveCfg = Release|Any CPU
		{7322F804-0ABB-4382-BE41-397F35A99944}.Release|x64.Build.0 = Release|Any CPU
		{7322F804-0ABB-4382-BE41-397F35A99944}.Release|x86.ActiveCfg = Release|Any CPU
		{7322F804-0ABB-4382-BE41-397F35A99944}.Release|x86.Build.0 = Release|Any CPU
		{A8375910-E271-4237-B368-591BFEBD1081}.Debug|Any CPU.ActiveCfg = Debug|Any CPU
		{A8375910-E271-4237-B368-591BFEBD1081}.Debug|Any CPU.Build.0 = Debug|Any CPU
		{A8375910-E271-4237-B368-591BFEBD1081}.Debug|x64.ActiveCfg = Debug|Any CPU
		{A8375910-E271-4237-B368-591BFEBD1081}.Debug|x64.Build.0 = Debug|Any CPU
		{A8375910-E271-4237-B368-591BFEBD1081}.Debug|x86.ActiveCfg = Debug|Any CPU
		{A8375910-E271-4237-B368-591BFEBD1081}.Debug|x86.Build.0 = Debug|Any CPU
		{A8375910-E271-4237-B368-591BFEBD1081}.Release|Any CPU.ActiveCfg = Release|Any CPU
		{A8375910-E271-4237-B368-591BFEBD1081}.Release|Any CPU.Build.0 = Release|Any CPU
		{A8375910-E271-4237-B368-591BFEBD1081}.Release|x64.ActiveCfg = Release|Any CPU
		{A8375910-E271-4237-B368-591BFEBD1081}.Release|x64.Build.0 = Release|Any CPU
		{A8375910-E271-4237-B368-591BFEBD1081}.Release|x86.ActiveCfg = Release|Any CPU
		{A8375910-E271-4237-B368-591BFEBD1081}.Release|x86.Build.0 = Release|Any CPU
	EndGlobalSection
	GlobalSection(SolutionProperties) = preSolution
		HideSolutionNode = FALSE
	EndGlobalSection
	GlobalSection(NestedProjects) = preSolution
		{14C068B0-6108-4AE3-874C-5FD3A077DB42} = {827E0CD3-B72D-47B6-A68D-7590B98EB39B}
		{F9744AEB-56C7-4EAA-B1C5-2053399F418C} = {827E0CD3-B72D-47B6-A68D-7590B98EB39B}
	EndGlobalSection
EndGlobal
